# @generated by Move, please check-in and do not edit manually.

[move]
version = 3
manifest_digest = "D7C2EFF34B3C1A56D84F903D437BA05A11B50FAB216F1BAD6E1D0F757107CAA6"
deps_digest = "F8BBB0CCB2491CA29A3DF03D6F92277A4F3574266507ACD77214D37ECA3F3082"
dependencies = [
  { id = "Sui", name = "Sui" },
]

[[move.package]]
id = "MoveStdlib"
source = { git = "https://github.com/MystenLabs/sui.git", rev = "framework/testnet", subdir = "crates/sui-framework/packages/move-stdlib" }

[[move.package]]
id = "Sui"
source = { git = "https://github.com/MystenLabs/sui.git", rev = "framework/testnet", subdir = "crates/sui-framework/packages/sui-framework" }

dependencies = [
  { id = "MoveStdlib", name = "MoveStdlib" },
]

[move.toolchain-version]
compiler-version = "1.59.1"
edition = "2024.beta"
flavor = "sui"

[env]

[env.testnet]
chain-id = "4c78adac"
original-published-id = "0x876fda61c452c3fdfe0145703e7b461fadab9eebab0d9b826e536e5e35f08f45"
latest-published-id = "0x876fda61c452c3fdfe0145703e7b461fadab9eebab0d9b826e536e5e35f08f45"
published-version = "1"
